// !$*UTF8*$!
{
	archiveVersion = 1;
	classes = {
	};
	objectVersion = 50;
	objects = {

/* Begin PBXBuildFile section */
		4A0F107625CC4FBD00774527 /* pizzaMenu.swift in Sources */ = {isa = PBXBuildFile; fileRef = 4A0F107525CC4FBD00774527 /* pizzaMenu.swift */; };
		4AA7415625CC31EA0079D68A /* binTableViewController.swift in Sources */ = {isa = PBXBuildFile; fileRef = 4AA7415525CC31EA0079D68A /* binTableViewController.swift */; };
		4AE50CE325A1932F00983A24 /* AppDelegate.swift in Sources */ = {isa = PBXBuildFile; fileRef = 4AE50CE225A1932F00983A24 /* AppDelegate.swift */; };
		4AE50CE525A1932F00983A24 /* SceneDelegate.swift in Sources */ = {isa = PBXBuildFile; fileRef = 4AE50CE425A1932F00983A24 /* SceneDelegate.swift */; };
		4AE50CEA25A1933000983A24 /* Main.storyboard in Resources */ = {isa = PBXBuildFile; fileRef = 4AE50CE825A1933000983A24 /* Main.storyboard */; };
		4AE50CEC25A1933400983A24 /* Assets.xcassets in Resources */ = {isa = PBXBuildFile; fileRef = 4AE50CEB25A1933400983A24 /* Assets.xcassets */; };
		4AE50CEF25A1933400983A24 /* LaunchScreen.storyboard in Resources */ = {isa = PBXBuildFile; fileRef = 4AE50CED25A1933400983A24 /* LaunchScreen.storyboard */; };
		4AE50CF825A1943700983A24 /* MyPizzaTableViewController.swift in Sources */ = {isa = PBXBuildFile; fileRef = 4AE50CF725A1943700983A24 /* MyPizzaTableViewController.swift */; };
		4AE50CFC25A19F9F00983A24 /* MyPizzaTableViewCell.swift in Sources */ = {isa = PBXBuildFile; fileRef = 4AE50CFB25A19F9F00983A24 /* MyPizzaTableViewCell.swift */; };
/* End PBXBuildFile section */

/* Begin PBXFileReference section */
		4A0F107525CC4FBD00774527 /* pizzaMenu.swift */ = {isa = PBXFileReference; lastKnownFileType = sourcecode.swift; path = pizzaMenu.swift; sourceTree = "<group>"; };
		4AA7415525CC31EA0079D68A /* binTableViewController.swift */ = {isa = PBXFileReference; lastKnownFileType = sourcecode.swift; path = binTableViewController.swift; sourceTree = "<group>"; };
		4AE50CDF25A1932F00983A24 /* myPizza.app */ = {isa = PBXFileReference; explicitFileType = wrapper.application; includeInIndex = 0; path = myPizza.app; sourceTree = BUILT_PRODUCTS_DIR; };
		4AE50CE225A1932F00983A24 /* AppDelegate.swift */ = {isa = PBXFileReference; lastKnownFileType = sourcecode.swift; path = AppDelegate.swift; sourceTree = "<group>"; };
		4AE50CE425A1932F00983A24 /* SceneDelegate.swift */ = {isa = PBXFileReference; lastKnownFileType = sourcecode.swift; path = SceneDelegate.swift; sourceTree = "<group>"; };
		4AE50CE925A1933000983A24 /* Base */ = {isa = PBXFileReference; lastKnownFileType = file.storyboard; name = Base; path = Base.lproj/Main.storyboard; sourceTree = "<group>"; };
		4AE50CEB25A1933400983A24 /* Assets.xcassets */ = {isa = PBXFileReference; lastKnownFileType = folder.assetcatalog; path = Assets.xcassets; sourceTree = "<group>"; };
		4AE50CEE25A1933400983A24 /* Base */ = {isa = PBXFileReference; lastKnownFileType = file.storyboard; name = Base; path = Base.lproj/LaunchScreen.storyboard; sourceTree = "<group>"; };
		4AE50CF025A1933400983A24 /* Info.plist */ = {isa = PBXFileReference; lastKnownFileType = text.plist.xml; path = Info.plist; sourceTree = "<group>"; };
		4AE50CF725A1943700983A24 /* MyPizzaTableViewController.swift */ = {isa = PBXFileReference; lastKnownFileType = sourcecode.swift; path = MyPizzaTableViewController.swift; sourceTree = "<group>"; };
		4AE50CFB25A19F9F00983A24 /* MyPizzaTableViewCell.swift */ = {isa = PBXFileReference; lastKnownFileType = sourcecode.swift; path = MyPizzaTableViewCell.swift; sourceTree = "<group>"; };
/* End PBXFileReference section */

/* Begin PBXFrameworksBuildPhase section */
		4AE50CDC25A1932F00983A24 /* Frameworks */ = {
			isa = PBXFrameworksBuildPhase;
			buildActionMask = 2147483647;
			files = (
			);
			runOnlyForDeploymentPostprocessing = 0;
		};
/* End PBXFrameworksBuildPhase section */

/* Begin PBXGroup section */
		4AE50CD625A1932F00983A24 = {
			isa = PBXGroup;
			children = (
				4AE50CE125A1932F00983A24 /* myPizza */,
				4AE50CE025A1932F00983A24 /* Products */,
			);
			sourceTree = "<group>";
		};
		4AE50CE025A1932F00983A24 /* Products */ = {
			isa = PBXGroup;
			children = (
				4AE50CDF25A1932F00983A24 /* myPizza.app */,
			);
			name = Products;
			sourceTree = "<group>";
		};
		4AE50CE125A1932F00983A24 /* myPizza */ = {
			isa = PBXGroup;
			children = (
				4AE50CE225A1932F00983A24 /* AppDelegate.swift */,
				4AE50CE425A1932F00983A24 /* SceneDelegate.swift */,
				4AE50CE825A1933000983A24 /* Main.storyboard */,
				4AA7415525CC31EA0079D68A /* binTableViewController.swift */,
				4AE50CFB25A19F9F00983A24 /* MyPizzaTableViewCell.swift */,
				4AE50CF725A1943700983A24 /* MyPizzaTableViewController.swift */,
				4A0F107525CC4FBD00774527 /* pizzaMenu.swift */,
				4AE50CEB25A1933400983A24 /* Assets.xcassets */,
				4AE50CED25A1933400983A24 /* LaunchScreen.storyboard */,
				4AE50CF025A1933400983A24 /* Info.plist */,
			);
			path = myPizza;
			sourceTree = "<group>";
		};
/* End PBXGroup section */

/* Begin PBXNativeTarget section */
		4AE50CDE25A1932F00983A24 /* myPizza */ = {
			isa = PBXNativeTarget;
			buildConfigurationList = 4AE50CF325A1933400983A24 /* Build configuration list for PBXNativeTarget "myPizza" */;
			buildPhases = (
				4AE50CDB25A1932F00983A24 /* Sources */,
				4AE50CDC25A1932F00983A24 /* Frameworks */,
				4AE50CDD25A1932F00983A24 /* Resources */,
			);
			buildRules = (
			);
			dependencies = (
			);
			name = myPizza;
			productName = myPizza;
			productReference = 4AE50CDF25A1932F00983A24 /* myPizza.app */;
			productType = "com.apple.product-type.application";
		};
/* End PBXNativeTarget section */

/* Begin PBXProject section */
		4AE50CD725A1932F00983A24 /* Project object */ = {
			isa = PBXProject;
			attributes = {
				LastSwiftUpdateCheck = 1220;
				LastUpgradeCheck = 1220;
				TargetAttributes = {
					4AE50CDE25A1932F00983A24 = {
						CreatedOnToolsVersion = 12.2;
					};
				};
			};
			buildConfigurationList = 4AE50CDA25A1932F00983A24 /* Build configuration list for PBXProject "myPizza" */;
			compatibilityVersion = "Xcode 9.3";
			developmentRegion = en;
			hasScannedForEncodings = 0;
			knownRegions = (
				en,
				Base,
			);
			mainGroup = 4AE50CD625A1932F00983A24;
			productRefGroup = 4AE50CE025A1932F00983A24 /* Products */;
			projectDirPath = "";
			projectRoot = "";
			targets = (
				4AE50CDE25A1932F00983A24 /* myPizza */,
			);
		};
/* End PBXProject section */

/* Begin PBXResourcesBuildPhase section */
		4AE50CDD25A1932F00983A24 /* Resources */ = {
			isa = PBXResourcesBuildPhase;
			buildActionMask = 2147483647;
			files = (
				4AE50CEF25A1933400983A24 /* LaunchScreen.storyboard in Resources */,
				4AE50CEC25A1933400983A24 /* Assets.xcassets in Resources */,
				4AE50CEA25A1933000983A24 /* Main.storyboard in Resources */,
			);
			runOnlyForDeploymentPostprocessing = 0;
		};
/* End PBXResourcesBuildPhase section */

/* Begin PBXSourcesBuildPhase section */
		4AE50CDB25A1932F00983A24 /* Sources */ = {
			isa = PBXSourcesBuildPhase;
			buildActionMask = 2147483647;
			files = (
				4AE50CFC25A19F9F00983A24 /* MyPizzaTableViewCell.swift in Sources */,
				4A0F107625CC4FBD00774527 /* pizzaMenu.swift in Sources */,
				4AE50CF825A1943700983A24 /* MyPizzaTableViewController.swift in Sources */,
				4AE50CE325A1932F00983A24 /* AppDelegate.swift in Sources */,
				4AA7415625CC31EA0079D68A /* binTableViewController.swift in Sources */,
				4AE50CE525A1932F00983A24 /* SceneDelegate.swift in Sources */,
			);
			runOnlyForDeploymentPostprocessing = 0;
		};
/* End PBXSourcesBuildPhase section */

/* Begin PBXVariantGroup section */
		4AE50CE825A1933000983A24 /* Main.storyboard */ = {
			isa = PBXVariantGroup;
			children = (
				4AE50CE925A1933000983A24 /* Base */,
			);
			name = Main.storyboard;
			sourceTree = "<group>";
		};
		4AE50CED25A1933400983A24 /* LaunchScreen.storyboard */ = {
			isa = PBXVariantGroup;
			children = (
				4AE50CEE25A1933400983A24 /* Base */,
			);
			name = LaunchScreen.storyboard;
			sourceTree = "<group>";
		};
/* End PBXVariantGroup section */

/* Begin XCBuildConfiguration section */
		4AE50CF125A1933400983A24 /* Debug */ = {
			isa = XCBuildConfiguration;
			buildSettings = {
				ALWAYS_SEARCH_USER_PATHS = NO;
				CLANG_ANALYZER_NONNULL = YES;
				CLANG_ANALYZER_NUMBER_OBJECT_CONVERSION = YES_AGGRESSIVE;
				CLANG_CXX_LANGUAGE_STANDARD = "gnu++14";
				CLANG_CXX_LIBRARY = "libc++";
				CLANG_ENABLE_MODULES = YES;
				CLANG_ENABLE_OBJC_ARC = YES;
				CLANG_ENABLE_OBJC_WEAK = YES;
				CLANG_WARN_BLOCK_CAPTURE_AUTORELEASING = YES;
				CLANG_WARN_BOOL_CONVERSION = YES;
				CLANG_WARN_COMMA = YES;
				CLANG_WARN_CONSTANT_CONVERSION = YES;
				CLANG_WARN_DEPRECATED_OBJC_IMPLEMENTATIONS = YES;
				CLANG_WARN_DIRECT_OBJC_ISA_USAGE = YES_ERROR;
				CLANG_WARN_DOCUMENTATION_COMMENTS = YES;
				CLANG_WARN_EMPTY_BODY = YES;
				CLANG_WARN_ENUM_CONVERSION = YES;
				CLANG_WARN_INFINITE_RECURSION = YES;
				CLANG_WARN_INT_CONVERSION = YES;
				CLANG_WARN_NON_LITERAL_NULL_CONVERSION = YES;
				CLANG_WARN_OBJC_IMPLICIT_RETAIN_SELF = YES;
				CLANG_WARN_OBJC_LITERAL_CONVERSION = YES;
				CLANG_WARN_OBJC_ROOT_CLASS = YES_ERROR;
				CLANG_WARN_QUOTED_INCLUDE_IN_FRAMEWORK_HEADER = YES;
				CLANG_WARN_RANGE_LOOP_ANALYSIS = YES;
				CLANG_WARN_STRICT_PROTOTYPES = YES;
				CLANG_WARN_SUSPICIOUS_MOVE = YES;
				CLANG_WARN_UNGUARDED_AVAILABILITY = YES_AGGRESSIVE;
				CLANG_WARN_UNREACHABLE_CODE = YES;
				CLANG_WARN__DUPLICATE_METHOD_MATCH = YES;
				COPY_PHASE_STRIP = NO;
				DEBUG_INFORMATION_FORMAT = dwarf;
				ENABLE_STRICT_OBJC_MSGSEND = YES;
				ENABLE_TESTABILITY = YES;
				GCC_C_LANGUAGE_STANDARD = gnu11;
				GCC_DYNAMIC_NO_PIC = NO;
				GCC_NO_COMMON_BLOCKS = YES;
				GCC_OPTIMIZATION_LEVEL = 0;
				GCC_PREPROCESSOR_DEFINITIONS = (
					"DEBUG=1",
					"$(inherited)",
				);
				GCC_WARN_64_TO_32_BIT_CONVERSION = YES;
				GCC_WARN_ABOUT_RETURN_TYPE = YES_ERROR;
				GCC_WARN_UNDECLARED_SELECTOR = YES;
				GCC_WARN_UNINITIALIZED_AUTOS = YES_AGGRESSIVE;
				GCC_WARN_UNUSED_FUNCTION = YES;
				GCC_WARN_UNUSED_VARIABLE = YES;
				IPHONEOS_DEPLOYMENT_TARGET = 14.2;
				MTL_ENABLE_DEBUG_INFO = INCLUDE_SOURCE;
				MTL_FAST_MATH = YES;
				ONLY_ACTIVE_ARCH = YES;
				SDKROOT = iphoneos;
				SWIFT_ACTIVE_COMPILATION_CONDITIONS = DEBUG;
				SWIFT_OPTIMIZATION_LEVEL = "-Onone";
			};
			name = Debug;
		};
		4AE50CF225A1933400983A24 /* Release */ = {
			isa = XCBuildConfiguration;
			buildSettings = {
				ALWAYS_SEARCH_USER_PATHS = NO;
				CLANG_ANALYZER_NONNULL = YES;
				CLANG_ANALYZER_NUMBER_OBJECT_CONVERSION = YES_AGGRESSIVE;
				CLANG_CXX_LANGUAGE_STANDARD = "gnu++14";
				CLANG_CXX_LIBRARY = "libc++";
				CLANG_ENABLE_MODULES = YES;
				CLANG_ENABLE_OBJC_ARC = YES;
				CLANG_ENABLE_OBJC_WEAK = YES;
				CLANG_WARN_BLOCK_CAPTURE_AUTORELEASING = YES;
				CLANG_WARN_BOOL_CONVERSION = YES;
				CLANG_WARN_COMMA = YES;
				CLANG_WARN_CONSTANT_CONVERSION = YES;
				CLANG_WARN_DEPRECATED_OBJC_IMPLEMENTATIONS = YES;
				CLANG_WARN_DIRECT_OBJC_ISA_USAGE = YES_ERROR;
				CLANG_WARN_DOCUMENTATION_COMMENTS = YES;
				CLANG_WARN_EMPTY_BODY = YES;
				CLANG_WARN_ENUM_CONVERSION = YES;
				CLANG_WARN_INFINITE_RECURSION = YES;
				CLANG_WARN_INT_CONVERSION = YES;
				CLANG_WARN_NON_LITERAL_NULL_CONVERSION = YES;
				CLANG_WARN_OBJC_IMPLICIT_RETAIN_SELF = YES;
				CLANG_WARN_OBJC_LITERAL_CONVERSION = YES;
				CLANG_WARN_OBJC_ROOT_CLASS = YES_ERROR;
				CLANG_WARN_QUOTED_INCLUDE_IN_FRAMEWORK_HEADER = YES;
				CLANG_WARN_RANGE_LOOP_ANALYSIS = YES;
				CLANG_WARN_STRICT_PROTOTYPES = YES;
				CLANG_WARN_SUSPICIOUS_MOVE = YES;
				CLANG_WARN_UNGUARDED_AVAILABILITY = YES_AGGRESSIVE;
				CLANG_WARN_UNREACHABLE_CODE = YES;
				CLANG_WARN__DUPLICATE_METHOD_MATCH = YES;
				COPY_PHASE_STRIP = NO;
				DEBUG_INFORMATION_FORMAT = "dwarf-with-dsym";
				ENABLE_NS_ASSERTIONS = NO;
				ENABLE_STRICT_OBJC_MSGSEND = YES;
				GCC_C_LANGUAGE_STANDARD = gnu11;
				GCC_NO_COMMON_BLOCKS = YES;
				GCC_WARN_64_TO_32_BIT_CONVERSION = YES;
				GCC_WARN_ABOUT_RETURN_TYPE = YES_ERROR;
				GCC_WARN_UNDECLARED_SELECTOR = YES;
				GCC_WARN_UNINITIALIZED_AUTOS = YES_AGGRESSIVE;
				GCC_WARN_UNUSED_FUNCTION = YES;
				GCC_WARN_UNUSED_VARIABLE = YES;
				IPHONEOS_DEPLOYMENT_TARGET = 14.2;
				MTL_ENABLE_DEBUG_INFO = NO;
				MTL_FAST_MATH = YES;
				SDKROOT = iphoneos;
				SWIFT_COMPILATION_MODE = wholemodule;
				SWIFT_OPTIMIZATION_LEVEL = "-O";
				VALIDATE_PRODUCT = YES;
			};
			name = Release;
		};
		4AE50CF425A1933400983A24 /* Debug */ = {
			isa = XCBuildConfiguration;
			buildSettings = {
				ASSETCATALOG_COMPILER_APPICON_NAME = AppIcon;
				ASSETCATALOG_COMPILER_GLOBAL_ACCENT_COLOR_NAME = AccentColor;
				CODE_SIGN_STYLE = Automatic;
				DEVELOPMENT_TEAM = 4BBUSC332Y;
				INFOPLIST_FILE = myPizza/Info.plist;
				LD_RUNPATH_SEARCH_PATHS = (
					"$(inherited)",
					"@executable_path/Frameworks",
				);
				PRODUCT_BUNDLE_IDENTIFIER = ua.pl.mypizza.myPizza;
				PRODUCT_NAME = "$(TARGET_NAME)";
				SWIFT_VERSION = 5.0;
				TARGETED_DEVICE_FAMILY = "1,2";
			};
			name = Debug;
		};
		4AE50CF525A1933400983A24 /* Release */ = {
			isa = XCBuildConfiguration;
			buildSettings = {
				ASSETCATALOG_COMPILER_APPICON_NAME = AppIcon;
				ASSETCATALOG_COMPILER_GLOBAL_ACCENT_COLOR_NAME = AccentColor;
				CODE_SIGN_STYLE = Automatic;
				DEVELOPMENT_TEAM = 4BBUSC332Y;
				INFOPLIST_FILE = myPizza/Info.plist;
				LD_RUNPATH_SEARCH_PATHS = (
					"$(inherited)",
					"@executable_path/Frameworks",
				);
				PRODUCT_BUNDLE_IDENTIFIER = ua.pl.mypizza.myPizza;
				PRODUCT_NAME = "$(TARGET_NAME)";
				SWIFT_VERSION = 5.0;
				TARGETED_DEVICE_FAMILY = "1,2";
			};
			name = Release;
		};
/* End XCBuildConfiguration section */

/* Begin XCConfigurationList section */
		4AE50CDA25A1932F00983A24 /* Build configuration list for PBXProject "myPizza" */ = {
			isa = XCConfigurationList;
			buildConfigurations = (
				4AE50CF125A1933400983A24 /* Debug */,
				4AE50CF225A1933400983A24 /* Release */,
			);
			defaultConfigurationIsVisible = 0;
			defaultConfigurationName = Release;
		};
		4AE50CF325A1933400983A24 /* Build configuration list for PBXNativeTarget "myPizza" */ = {
			isa = XCConfigurationList;
			buildConfigurations = (
				4AE50CF425A1933400983A24 /* Debug */,
				4AE50CF525A1933400983A24 /* Release */,
			);
			defaultConfigurationIsVisible = 0;
			defaultConfigurationName = Release;
		};
/* End XCConfigurationList section */
	};
	rootObject = 4AE50CD725A1932F00983A24 /* Project object */;
}
